
Microsoft Visual Studio Solution File, Format Version 12.00
# Visual Studio 15
VisualStudioVersion = 15.0.28010.2036
MinimumVisualStudioVersion = 10.0.40219.1
Project("{FAE04EC0-301F-11D3-BF4B-00C04F79EFBC}") = "SqlFormatter", "SqlFormatter\SqlFormatter.csproj", "{9CF7E176-9A25-4E61-A843-9DF648CC7C07}"
EndProject
Project("{FAE04EC0-301F-11D3-BF4B-00C04F79EFBC}") = "SqlParse", "SqlParse\SqlParse.csproj", "{9D1D9E2C-DB21-483E-AE33-C6944A95AA07}"
EndProject
Global
	GlobalSection(SolutionConfigurationPlatforms) = preSolution
		Debug|Any CPU = Debug|Any CPU
		Release|Any CPU = Release|Any CPU
	EndGlobalSection
	GlobalSection(ProjectConfigurationPlatforms) = postSolution
		{9CF7E176-9A25-4E61-A843-9DF648CC7C07}.Debug|Any CPU.ActiveCfg = Debug|Any CPU
		{9CF7E176-9A25-4E61-A843-9DF648CC7C07}.Debug|Any CPU.Build.0 = Debug|Any CPU
		{9CF7E176-9A25-4E61-A843-9DF648CC7C07}.Release|Any CPU.ActiveCfg = Release|Any CPU
		{9CF7E176-9A25-4E61-A843-9DF648CC7C07}.Release|Any CPU.Build.0 = Release|Any CPU
		{9D1D9E2C-DB21-483E-AE33-C6944A95AA07}.Debug|Any CPU.ActiveCfg = Debug|Any CPU
		{9D1D9E2C-DB21-483E-AE33-C6944A95AA07}.Debug|Any CPU.Build.0 = Debug|Any CPU
		{9D1D9E2C-DB21-483E-AE33-C6944A95AA07}.Release|Any CPU.ActiveCfg = Release|Any CPU
		{9D1D9E2C-DB21-483E-AE33-C6944A95AA07}.Release|Any CPU.Build.0 = Release|Any CPU
	EndGlobalSection
	GlobalSection(SolutionProperties) = preSolution
		HideSolutionNode = FALSE
	EndGlobalSection
	GlobalSection(ExtensibilityGlobals) = postSolution
		SolutionGuid = {434D913C-F90D-475A-9F6E-C3D450B6A511}
	EndGlobalSection
EndGlobal
